
Microsoft Visual Studio Solution File, Format Version 12.00
# Visual Studio Version 16
VisualStudioVersion = 16.0.28803.202
MinimumVisualStudioVersion = 10.0.40219.1
Project("{FAE04EC0-301F-11D3-BF4B-00C04F79EFBC}") = "OverKart64 Developer", "OverKart\OverKart64 Developer.csproj", "{3758A650-4444-4B91-A2FC-A8FB872229BC}"
EndProject
Project("{2150E333-8FDC-42A3-9474-1A3956D46DE8}") = "Solution Items", "Solution Items", "{8BED16F1-6BBF-4A49-8620-FA3B0AD2E794}"
EndProject
Project("{FAE04EC0-301F-11D3-BF4B-00C04F79EFBC}") = "OverKart64 Retail", "OverKart64 Retail\OverKart64 Retail.csproj", "{5D094EE2-1FD1-4E91-8719-1EF35BDD5BAD}"
EndProject
Global
	GlobalSection(SolutionConfigurationPlatforms) = preSolution
		Debug|Any CPU = Debug|Any CPU
		Release|Any CPU = Release|Any CPU
	EndGlobalSection
	GlobalSection(ProjectConfigurationPlatforms) = postSolution
		{3758A650-4444-4B91-A2FC-A8FB872229BC}.Debug|Any CPU.ActiveCfg = Release|Any CPU
		{3758A650-4444-4B91-A2FC-A8FB872229BC}.Debug|Any CPU.Build.0 = Release|Any CPU
		{3758A650-4444-4B91-A2FC-A8FB872229BC}.Release|Any CPU.ActiveCfg = Debug|Any CPU
		{3758A650-4444-4B91-A2FC-A8FB872229BC}.Release|Any CPU.Build.0 = Debug|Any CPU
		{5D094EE2-1FD1-4E91-8719-1EF35BDD5BAD}.Debug|Any CPU.ActiveCfg = Debug|Any CPU
		{5D094EE2-1FD1-4E91-8719-1EF35BDD5BAD}.Debug|Any CPU.Build.0 = Debug|Any CPU
		{5D094EE2-1FD1-4E91-8719-1EF35BDD5BAD}.Release|Any CPU.ActiveCfg = Debug|Any CPU
		{5D094EE2-1FD1-4E91-8719-1EF35BDD5BAD}.Release|Any CPU.Build.0 = Debug|Any CPU
	EndGlobalSection
	GlobalSection(SolutionProperties) = preSolution
		HideSolutionNode = FALSE
	EndGlobalSection
	GlobalSection(ExtensibilityGlobals) = postSolution
		SolutionGuid = {56EE1ED5-7156-45F1-9770-5F8A265E4C3F}
	EndGlobalSection
EndGlobal
